
Microsoft Visual Studio Solution File, Format Version 12.00
# Visual Studio 15
VisualStudioVersion = 15.0.27130.2010
MinimumVisualStudioVersion = 10.0.40219.1
Project("{2150E333-8FDC-42A3-9474-1A3956D46DE8}") = "Tests", "Tests", "{38553433-1849-4E69-A035-23766901DF10}"
EndProject
Project("{2150E333-8FDC-42A3-9474-1A3956D46DE8}") = "Source", "Source", "{FABDEB81-7CD3-4AC6-8163-C4A45EE5F919}"
EndProject
Project("{9A19103F-16F7-4668-BE54-9A1E7A4F7556}") = "TestApp.Wpf", "TestApp.Wpf\TestApp.Wpf.csproj", "{03020783-A76D-4749-8A42-CD20D64859D3}"
EndProject
Project("{FAE04EC0-301F-11D3-BF4B-00C04F79EFBC}") = "XamlAnimatedGif.WinRT", "XamlAnimatedGif.WinRT\XamlAnimatedGif.WinRT.csproj", "{7AEFA46B-4FCB-4C1B-A55F-9AB6170B5454}"
EndProject
Project("{2150E333-8FDC-42A3-9474-1A3956D46DE8}") = "TestApp.WinRT", "TestApp.WinRT", "{2E655DC3-4262-473D-A5A4-6107F03AC680}"
EndProject
Project("{D954291E-2A0B-460D-934E-DC6B0785DB48}") = "TestApp.WinRT.Shared", "TestApp.WinRT\TestApp.WinRT.Shared\TestApp.WinRT.Shared.shproj", "{609621A0-E20D-40C9-826A-665E3006B6BE}"
EndProject
Project("{FAE04EC0-301F-11D3-BF4B-00C04F79EFBC}") = "TestApp.WinRT.Windows", "TestApp.WinRT\TestApp.WinRT.Windows\TestApp.WinRT.Windows.csproj", "{DF7135A1-2026-4529-B880-230892FDCDBB}"
EndProject
Project("{FAE04EC0-301F-11D3-BF4B-00C04F79EFBC}") = "TestApp.WinRT.WindowsPhone", "TestApp.WinRT\TestApp.WinRT.WindowsPhone\TestApp.WinRT.WindowsPhone.csproj", "{5F7F48D6-94E4-4580-8FC4-D70C45DBF6B1}"
EndProject
Project("{2150E333-8FDC-42A3-9474-1A3956D46DE8}") = "Solution Items", "Solution Items", "{ACF568AA-3061-4F73-AC5F-D52D2716EEE1}"
	ProjectSection(SolutionItems) = preProject
		build.cake = build.cake
		README.md = README.md
		NuGet\XamlAnimatedGif.nuspec = NuGet\XamlAnimatedGif.nuspec
	EndProjectSection
EndProject
Project("{9A19103F-16F7-4668-BE54-9A1E7A4F7556}") = "XamlAnimatedGif.Shared", "XamlAnimatedGif.Shared\XamlAnimatedGif.Shared.csproj", "{6987FF05-1936-42CF-873F-F363E3AD8A19}"
EndProject
Project("{9A19103F-16F7-4668-BE54-9A1E7A4F7556}") = "XamlAnimatedGif.Wpf", "XamlAnimatedGif.Wpf\XamlAnimatedGif.Wpf.csproj", "{B0A1A6D3-0C1F-4ABB-B9DC-A19F149A421A}"
EndProject
Global
	GlobalSection(SharedMSBuildProjectFiles) = preSolution
		TestApp.WinRT\TestApp.WinRT.Shared\TestApp.WinRT.Shared.projitems*{5f7f48d6-94e4-4580-8fc4-d70c45dbf6b1}*SharedItemsImports = 4
		TestApp.WinRT\TestApp.WinRT.Shared\TestApp.WinRT.Shared.projitems*{609621a0-e20d-40c9-826a-665e3006b6be}*SharedItemsImports = 13
		TestApp.WinRT\TestApp.WinRT.Shared\TestApp.WinRT.Shared.projitems*{df7135a1-2026-4529-b880-230892fdcdbb}*SharedItemsImports = 4
	EndGlobalSection
	GlobalSection(SolutionConfigurationPlatforms) = preSolution
		Debug|Any CPU = Debug|Any CPU
		Release|Any CPU = Release|Any CPU
	EndGlobalSection
	GlobalSection(ProjectConfigurationPlatforms) = postSolution
		{03020783-A76D-4749-8A42-CD20D64859D3}.Debug|Any CPU.ActiveCfg = Debug|Any CPU
		{03020783-A76D-4749-8A42-CD20D64859D3}.Debug|Any CPU.Build.0 = Debug|Any CPU
		{03020783-A76D-4749-8A42-CD20D64859D3}.Release|Any CPU.ActiveCfg = Release|Any CPU
		{03020783-A76D-4749-8A42-CD20D64859D3}.Release|Any CPU.Build.0 = Release|Any CPU
		{7AEFA46B-4FCB-4C1B-A55F-9AB6170B5454}.Debug|Any CPU.ActiveCfg = Debug|Any CPU
		{7AEFA46B-4FCB-4C1B-A55F-9AB6170B5454}.Debug|Any CPU.Build.0 = Debug|Any CPU
		{7AEFA46B-4FCB-4C1B-A55F-9AB6170B5454}.Release|Any CPU.ActiveCfg = Release|Any CPU
		{7AEFA46B-4FCB-4C1B-A55F-9AB6170B5454}.Release|Any CPU.Build.0 = Release|Any CPU
		{DF7135A1-2026-4529-B880-230892FDCDBB}.Debug|Any CPU.ActiveCfg = Debug|Any CPU
		{DF7135A1-2026-4529-B880-230892FDCDBB}.Debug|Any CPU.Build.0 = Debug|Any CPU
		{DF7135A1-2026-4529-B880-230892FDCDBB}.Debug|Any CPU.Deploy.0 = Debug|Any CPU
		{DF7135A1-2026-4529-B880-230892FDCDBB}.Release|Any CPU.ActiveCfg = Release|Any CPU
		{DF7135A1-2026-4529-B880-230892FDCDBB}.Release|Any CPU.Build.0 = Release|Any CPU
		{DF7135A1-2026-4529-B880-230892FDCDBB}.Release|Any CPU.Deploy.0 = Release|Any CPU
		{5F7F48D6-94E4-4580-8FC4-D70C45DBF6B1}.Debug|Any CPU.ActiveCfg = Debug|Any CPU
		{5F7F48D6-94E4-4580-8FC4-D70C45DBF6B1}.Debug|Any CPU.Build.0 = Debug|Any CPU
		{5F7F48D6-94E4-4580-8FC4-D70C45DBF6B1}.Debug|Any CPU.Deploy.0 = Debug|Any CPU
		{5F7F48D6-94E4-4580-8FC4-D70C45DBF6B1}.Release|Any CPU.ActiveCfg = Release|Any CPU
		{5F7F48D6-94E4-4580-8FC4-D70C45DBF6B1}.Release|Any CPU.Build.0 = Release|Any CPU
		{5F7F48D6-94E4-4580-8FC4-D70C45DBF6B1}.Release|Any CPU.Deploy.0 = Release|Any CPU
		{6987FF05-1936-42CF-873F-F363E3AD8A19}.Debug|Any CPU.ActiveCfg = Debug|Any CPU
		{6987FF05-1936-42CF-873F-F363E3AD8A19}.Debug|Any CPU.Build.0 = Debug|Any CPU
		{6987FF05-1936-42CF-873F-F363E3AD8A19}.Release|Any CPU.ActiveCfg = Release|Any CPU
		{6987FF05-1936-42CF-873F-F363E3AD8A19}.Release|Any CPU.Build.0 = Release|Any CPU
		{B0A1A6D3-0C1F-4ABB-B9DC-A19F149A421A}.Debug|Any CPU.ActiveCfg = Debug|Any CPU
		{B0A1A6D3-0C1F-4ABB-B9DC-A19F149A421A}.Debug|Any CPU.Build.0 = Debug|Any CPU
		{B0A1A6D3-0C1F-4ABB-B9DC-A19F149A421A}.Release|Any CPU.ActiveCfg = Release|Any CPU
		{B0A1A6D3-0C1F-4ABB-B9DC-A19F149A421A}.Release|Any CPU.Build.0 = Release|Any CPU
	EndGlobalSection
	GlobalSection(SolutionProperties) = preSolution
		HideSolutionNode = FALSE
	EndGlobalSection
	GlobalSection(NestedProjects) = preSolution
		{03020783-A76D-4749-8A42-CD20D64859D3} = {38553433-1849-4E69-A035-23766901DF10}
		{7AEFA46B-4FCB-4C1B-A55F-9AB6170B5454} = {FABDEB81-7CD3-4AC6-8163-C4A45EE5F919}
		{2E655DC3-4262-473D-A5A4-6107F03AC680} = {38553433-1849-4E69-A035-23766901DF10}
		{609621A0-E20D-40C9-826A-665E3006B6BE} = {2E655DC3-4262-473D-A5A4-6107F03AC680}
		{DF7135A1-2026-4529-B880-230892FDCDBB} = {2E655DC3-4262-473D-A5A4-6107F03AC680}
		{5F7F48D6-94E4-4580-8FC4-D70C45DBF6B1} = {2E655DC3-4262-473D-A5A4-6107F03AC680}
		{6987FF05-1936-42CF-873F-F363E3AD8A19} = {FABDEB81-7CD3-4AC6-8163-C4A45EE5F919}
		{B0A1A6D3-0C1F-4ABB-B9DC-A19F149A421A} = {FABDEB81-7CD3-4AC6-8163-C4A45EE5F919}
	EndGlobalSection
	GlobalSection(ExtensibilityGlobals) = postSolution
		SolutionGuid = {BE41AEDD-38C4-49F4-9B45-7703EDB9618F}
	EndGlobalSection
EndGlobal
