
Microsoft Visual Studio Solution File, Format Version 12.00
# Visual Studio 2013
VisualStudioVersion = 12.0.30723.0
MinimumVisualStudioVersion = 10.0.40219.1
Project("{FAE04EC0-301F-11D3-BF4B-00C04F79EFBC}") = "XamlAnimatedGif.Wpf", "XamlAnimatedGif.Wpf\XamlAnimatedGif.Wpf.csproj", "{5ECDD8E1-E176-4D9F-9278-17A313A16CB2}"
EndProject
Project("{2150E333-8FDC-42A3-9474-1A3956D46DE8}") = "Tests", "Tests", "{38553433-1849-4E69-A035-23766901DF10}"
EndProject
Project("{2150E333-8FDC-42A3-9474-1A3956D46DE8}") = "Source", "Source", "{FABDEB81-7CD3-4AC6-8163-C4A45EE5F919}"
EndProject
Project("{FAE04EC0-301F-11D3-BF4B-00C04F79EFBC}") = "TestDecode", "TestDecode\TestDecode.csproj", "{3D29A20B-A556-448F-B58A-EF26D8170E9E}"
EndProject
Global
	GlobalSection(SolutionConfigurationPlatforms) = preSolution
		Debug|Any CPU = Debug|Any CPU
		Release|Any CPU = Release|Any CPU
	EndGlobalSection
	GlobalSection(ProjectConfigurationPlatforms) = postSolution
		{5ECDD8E1-E176-4D9F-9278-17A313A16CB2}.Debug|Any CPU.ActiveCfg = Debug|Any CPU
		{5ECDD8E1-E176-4D9F-9278-17A313A16CB2}.Debug|Any CPU.Build.0 = Debug|Any CPU
		{5ECDD8E1-E176-4D9F-9278-17A313A16CB2}.Release|Any CPU.ActiveCfg = Release|Any CPU
		{5ECDD8E1-E176-4D9F-9278-17A313A16CB2}.Release|Any CPU.Build.0 = Release|Any CPU
		{3D29A20B-A556-448F-B58A-EF26D8170E9E}.Debug|Any CPU.ActiveCfg = Debug|Any CPU
		{3D29A20B-A556-448F-B58A-EF26D8170E9E}.Debug|Any CPU.Build.0 = Debug|Any CPU
		{3D29A20B-A556-448F-B58A-EF26D8170E9E}.Release|Any CPU.ActiveCfg = Release|Any CPU
		{3D29A20B-A556-448F-B58A-EF26D8170E9E}.Release|Any CPU.Build.0 = Release|Any CPU
	EndGlobalSection
	GlobalSection(SolutionProperties) = preSolution
		HideSolutionNode = FALSE
	EndGlobalSection
	GlobalSection(NestedProjects) = preSolution
		{5ECDD8E1-E176-4D9F-9278-17A313A16CB2} = {FABDEB81-7CD3-4AC6-8163-C4A45EE5F919}
		{3D29A20B-A556-448F-B58A-EF26D8170E9E} = {38553433-1849-4E69-A035-23766901DF10}
	EndGlobalSection
EndGlobal
